
Microsoft Visual Studio Solution File, Format Version 12.00
# Visual Studio 15
Project("{FAE04EC0-301F-11D3-BF4B-00C04F79EFBC}") = "dotnet-backgroundjobs", "dotnet-backgroundjobs.csproj", "{B57A1BDC-C11C-4895-A5A1-B476476DA954}"
EndProject
Project("{FAE04EC0-301F-11D3-BF4B-00C04F79EFBC}") = "queue-reading", "..\queue-reading\queue-reading.csproj", "{907F2009-AE98-4A9D-9D61-7EFEF4E8EC34}"
EndProject
Global
	GlobalSection(SolutionConfigurationPlatforms) = preSolution
		Debug|Any CPU = Debug|Any CPU
		Release|Any CPU = Release|Any CPU
	EndGlobalSection
	GlobalSection(ProjectConfigurationPlatforms) = postSolution
		{B57A1BDC-C11C-4895-A5A1-B476476DA954}.Debug|Any CPU.ActiveCfg = Debug|Any CPU
		{B57A1BDC-C11C-4895-A5A1-B476476DA954}.Debug|Any CPU.Build.0 = Debug|Any CPU
		{B57A1BDC-C11C-4895-A5A1-B476476DA954}.Release|Any CPU.ActiveCfg = Release|Any CPU
		{B57A1BDC-C11C-4895-A5A1-B476476DA954}.Release|Any CPU.Build.0 = Release|Any CPU
		{907F2009-AE98-4A9D-9D61-7EFEF4E8EC34}.Debug|Any CPU.ActiveCfg = Debug|Any CPU
		{907F2009-AE98-4A9D-9D61-7EFEF4E8EC34}.Debug|Any CPU.Build.0 = Debug|Any CPU
		{907F2009-AE98-4A9D-9D61-7EFEF4E8EC34}.Release|Any CPU.ActiveCfg = Release|Any CPU
		{907F2009-AE98-4A9D-9D61-7EFEF4E8EC34}.Release|Any CPU.Build.0 = Release|Any CPU
	EndGlobalSection
EndGlobal
